
Microsoft Visual Studio Solution File, Format Version 12.00
# Visual Studio Version 17
VisualStudioVersion = 17.9.34701.34
MinimumVisualStudioVersion = 10.0.40219.1
Project("{FAE04EC0-301F-11D3-BF4B-00C04F79EFBC}") = "TrainHelper", "TrainHelper.csproj", "{2153F018-D758-42D0-A45A-E6F3175EF9F1}"
EndProject
Global
	GlobalSection(SolutionConfigurationPlatforms) = preSolution
		Debug|Any CPU = Debug|Any CPU
		Release|Any CPU = Release|Any CPU
	EndGlobalSection
	GlobalSection(ProjectConfigurationPlatforms) = postSolution
		{2153F018-D758-42D0-A45A-E6F3175EF9F1}.Debug|Any CPU.ActiveCfg = Debug|Any CPU
		{2153F018-D758-42D0-A45A-E6F3175EF9F1}.Debug|Any CPU.Build.0 = Debug|Any CPU
		{2153F018-D758-42D0-A45A-E6F3175EF9F1}.Release|Any CPU.ActiveCfg = Release|Any CPU
		{2153F018-D758-42D0-A45A-E6F3175EF9F1}.Release|Any CPU.Build.0 = Release|Any CPU
	EndGlobalSection
	GlobalSection(SolutionProperties) = preSolution
		HideSolutionNode = FALSE
	EndGlobalSection
	GlobalSection(ExtensibilityGlobals) = postSolution
		SolutionGuid = {63D11807-66BA-4C96-AC01-2894C33AC2EB}
	EndGlobalSection
EndGlobal
